
Microsoft Visual Studio Solution File, Format Version 12.00
# Visual Studio Version 17
VisualStudioVersion = 17.4.33213.308
MinimumVisualStudioVersion = 10.0.40219.1
Project("{2150E333-8FDC-42A3-9474-1A3956D46DE8}") = "Tuplas", "Tuplas", "{A428D9C3-0CA3-4849-94CA-DBCD25378EA1}"
EndProject
Project("{9A19103F-16F7-4668-BE54-9A1E7A4F7556}") = "Tuplas", "Tuplas\Tuplas.csproj", "{57F9A98F-1BF3-4274-B272-51915D18AC70}"
EndProject
Project("{2150E333-8FDC-42A3-9474-1A3956D46DE8}") = "CorrespondenciaDePadroes", "CorrespondenciaDePadroes", "{1A9B267A-59EA-4164-9EF7-3DCDBBFB0964}"
EndProject
Project("{FAE04EC0-301F-11D3-BF4B-00C04F79EFBC}") = "CorrespondenciaDePadroes", "CorrespondenciaDePadroes\CorrespondenciaDePadroes.csproj", "{D5519874-4EBB-4A79-A2A5-22D44C95105A}"
EndProject
Global
	GlobalSection(SolutionConfigurationPlatforms) = preSolution
		Debug|Any CPU = Debug|Any CPU
		Release|Any CPU = Release|Any CPU
	EndGlobalSection
	GlobalSection(ProjectConfigurationPlatforms) = postSolution
		{57F9A98F-1BF3-4274-B272-51915D18AC70}.Debug|Any CPU.ActiveCfg = Debug|Any CPU
		{57F9A98F-1BF3-4274-B272-51915D18AC70}.Debug|Any CPU.Build.0 = Debug|Any CPU
		{57F9A98F-1BF3-4274-B272-51915D18AC70}.Release|Any CPU.ActiveCfg = Release|Any CPU
		{57F9A98F-1BF3-4274-B272-51915D18AC70}.Release|Any CPU.Build.0 = Release|Any CPU
		{D5519874-4EBB-4A79-A2A5-22D44C95105A}.Debug|Any CPU.ActiveCfg = Debug|Any CPU
		{D5519874-4EBB-4A79-A2A5-22D44C95105A}.Debug|Any CPU.Build.0 = Debug|Any CPU
		{D5519874-4EBB-4A79-A2A5-22D44C95105A}.Release|Any CPU.ActiveCfg = Release|Any CPU
		{D5519874-4EBB-4A79-A2A5-22D44C95105A}.Release|Any CPU.Build.0 = Release|Any CPU
	EndGlobalSection
	GlobalSection(SolutionProperties) = preSolution
		HideSolutionNode = FALSE
	EndGlobalSection
	GlobalSection(NestedProjects) = preSolution
		{57F9A98F-1BF3-4274-B272-51915D18AC70} = {A428D9C3-0CA3-4849-94CA-DBCD25378EA1}
		{D5519874-4EBB-4A79-A2A5-22D44C95105A} = {1A9B267A-59EA-4164-9EF7-3DCDBBFB0964}
	EndGlobalSection
	GlobalSection(ExtensibilityGlobals) = postSolution
		SolutionGuid = {D145AAC9-5915-44CB-9472-0702742A1994}
	EndGlobalSection
EndGlobal
